PODS:
  - BSGridCollectionViewLayout (1.2.5)
  - BSImagePicker (2.10.3):
    - BSGridCollectionViewLayout (= 1.2.5)
    - BSImageView (= 1.0.3)
  - BSImageView (1.0.3)
  - Flutter (1.0.0)
  - flutter_inappwebview_ios (0.0.1):
    - Flutter
    - flutter_inappwebview_ios/Core (= 0.0.1)
    - OrderedSet (~> 5.0)
  - flutter_inappwebview_ios/Core (0.0.1):
    - Flutter
    - OrderedSet (~> 5.0)
  - image_picker_ios (0.0.1):
    - Flutter
  - lecle_flutter_absolute_path (0.0.1):
    - Flutter
  - multi_image_picker (4.8.00):
    - BSImagePicker (~> 2.10.3)
    - Flutter
  - OrderedSet (5.0.0)
  - unique_identifier (0.0.1):
    - Flutter
  - webview_flutter_wkwebview (0.0.1):
    - Flutter

DEPENDENCIES:
  - Flutter (from `Flutter`)
  - flutter_inappwebview_ios (from `.symlinks/plugins/flutter_inappwebview_ios/ios`)
  - image_picker_ios (from `.symlinks/plugins/image_picker_ios/ios`)
  - lecle_flutter_absolute_path (from `.symlinks/plugins/lecle_flutter_absolute_path/ios`)
  - multi_image_picker (from `.symlinks/plugins/multi_image_picker/ios`)
  - unique_identifier (from `.symlinks/plugins/unique_identifier/ios`)
  - webview_flutter_wkwebview (from `.symlinks/plugins/webview_flutter_wkwebview/ios`)

SPEC REPOS:
  trunk:
    - BSGridCollectionViewLayout
    - BSImagePicker
    - BSImageView
    - OrderedSet

EXTERNAL SOURCES:
  Flutter:
    :path: Flutter
  flutter_inappwebview_ios:
    :path: ".symlinks/plugins/flutter_inappwebview_ios/ios"
  image_picker_ios:
    :path: ".symlinks/plugins/image_picker_ios/ios"
  lecle_flutter_absolute_path:
    :path: ".symlinks/plugins/lecle_flutter_absolute_path/ios"
  multi_image_picker:
    :path: ".symlinks/plugins/multi_image_picker/ios"
  unique_identifier:
    :path: ".symlinks/plugins/unique_identifier/ios"
  webview_flutter_wkwebview:
    :path: ".symlinks/plugins/webview_flutter_wkwebview/ios"

SPEC CHECKSUMS:
  BSGridCollectionViewLayout: 333dcb457a5a3bdd9212607ab5756553dcfe06cb
  BSImagePicker: 07404254f2fcdaf5a2eb403c0f8c337267ce8738
  BSImageView: a149459433a2687157d034c78e059d30ac7f2544
  Flutter: f04841e97a9d0b0a8025694d0796dd46242b2854
  flutter_inappwebview_ios: 97215cf7d4677db55df76782dbd2930c5e1c1ea0
  image_picker_ios: 4a8aadfbb6dc30ad5141a2ce3832af9214a705b5
  lecle_flutter_absolute_path: 7fd934b5b082a9d6547d79f365ae3705821091fe
  multi_image_picker: 443e776a762d7901641854043b60abf88a85d5ef
  OrderedSet: aaeb196f7fef5a9edf55d89760da9176ad40b93c
  unique_identifier: 5b4b48cfe07a95df6aa11746944c0dce22ab5400
  webview_flutter_wkwebview: 2e2d318f21a5e036e2c3f26171342e95908bd60a

PODFILE CHECKSUM: 70d9d25280d0dd177a5f637cdb0f0b0b12c6a189

COCOAPODS: 1.12.0
